// !$*UTF8*$!
{
	archiveVersion = 1;
	classes = {
	};
	objectVersion = 46;
	objects = {

/* Begin PBXBuildFile section */
		BBEAE900CA821618B33070F4 /* Pods_WeatherForecast.framework in Frameworks */ = {isa = PBXBuildFile; fileRef = E211C01A6E3A255B5DA54135 /* Pods_WeatherForecast.framework */; };
		DFADD02E1EBF5BD400F5E3EE /* AppDelegate.swift in Sources */ = {isa = PBXBuildFile; fileRef = DFADD02D1EBF5BD400F5E3EE /* AppDelegate.swift */; };
		DFADD0301EBF5BD400F5E3EE /* ViewController.swift in Sources */ = {isa = PBXBuildFile; fileRef = DFADD02F1EBF5BD400F5E3EE /* ViewController.swift */; };
		DFADD0331EBF5BD400F5E3EE /* Main.storyboard in Resources */ = {isa = PBXBuildFile; fileRef = DFADD0311EBF5BD400F5E3EE /* Main.storyboard */; };
		DFADD0351EBF5BD400F5E3EE /* Assets.xcassets in Resources */ = {isa = PBXBuildFile; fileRef = DFADD0341EBF5BD400F5E3EE /* Assets.xcassets */; };
		DFADD0381EBF5BD400F5E3EE /* LaunchScreen.storyboard in Resources */ = {isa = PBXBuildFile; fileRef = DFADD0361EBF5BD400F5E3EE /* LaunchScreen.storyboard */; };
/* End PBXBuildFile section */

/* Begin PBXFileReference section */
		5A49737A73E1A1FEFF701E75 /* Pods-WeatherForecast.release.xcconfig */ = {isa = PBXFileReference; includeInIndex = 1; lastKnownFileType = text.xcconfig; name = "Pods-WeatherForecast.release.xcconfig"; path = "Pods/Target Support Files/Pods-WeatherForecast/Pods-WeatherForecast.release.xcconfig"; sourceTree = "<group>"; };
		DFADD02A1EBF5BD400F5E3EE /* WeatherForecast.app */ = {isa = PBXFileReference; explicitFileType = wrapper.application; includeInIndex = 0; path = WeatherForecast.app; sourceTree = BUILT_PRODUCTS_DIR; };
		DFADD02D1EBF5BD400F5E3EE /* AppDelegate.swift */ = {isa = PBXFileReference; lastKnownFileType = sourcecode.swift; path = AppDelegate.swift; sourceTree = "<group>"; };
		DFADD02F1EBF5BD400F5E3EE /* ViewController.swift */ = {isa = PBXFileReference; lastKnownFileType = sourcecode.swift; path = ViewController.swift; sourceTree = "<group>"; };
		DFADD0321EBF5BD400F5E3EE /* Base */ = {isa = PBXFileReference; lastKnownFileType = file.storyboard; name = Base; path = Base.lproj/Main.storyboard; sourceTree = "<group>"; };
		DFADD0341EBF5BD400F5E3EE /* Assets.xcassets */ = {isa = PBXFileReference; lastKnownFileType = folder.assetcatalog; path = Assets.xcassets; sourceTree = "<group>"; };
		DFADD0371EBF5BD400F5E3EE /* Base */ = {isa = PBXFileReference; lastKnownFileType = file.storyboard; name = Base; path = Base.lproj/LaunchScreen.storyboard; sourceTree = "<group>"; };
		DFADD0391EBF5BD400F5E3EE /* Info.plist */ = {isa = PBXFileReference; lastKnownFileType = text.plist.xml; path = Info.plist; sourceTree = "<group>"; };
		E211C01A6E3A255B5DA54135 /* Pods_WeatherForecast.framework */ = {isa = PBXFileReference; explicitFileType = wrapper.framework; includeInIndex = 0; path = Pods_WeatherForecast.framework; sourceTree = BUILT_PRODUCTS_DIR; };
		E45BDE73A554EF85F1886B7D /* Pods-WeatherForecast.debug.xcconfig */ = {isa = PBXFileReference; includeInIndex = 1; lastKnownFileType = text.xcconfig; name = "Pods-WeatherForecast.debug.xcconfig"; path = "Pods/Target Support Files/Pods-WeatherForecast/Pods-WeatherForecast.debug.xcconfig"; sourceTree = "<group>"; };
/* End PBXFileReference section */

/* Begin PBXFrameworksBuildPhase section */
		DFADD0271EBF5BD400F5E3EE /* Frameworks */ = {
			isa = PBXFrameworksBuildPhase;
			buildActionMask = 2147483647;
			files = (
				BBEAE900CA821618B33070F4 /* Pods_WeatherForecast.framework in Frameworks */,
			);
			runOnlyForDeploymentPostprocessing = 0;
		};
/* End PBXFrameworksBuildPhase section */

/* Begin PBXGroup section */
		02BA08EDA6B1099C07B6E3B5 /* Frameworks */ = {
			isa = PBXGroup;
			children = (
				E211C01A6E3A255B5DA54135 /* Pods_WeatherForecast.framework */,
			);
			name = Frameworks;
			sourceTree = "<group>";
		};
		74E8438E3460691DA3E7A3D9 /* Pods */ = {
			isa = PBXGroup;
			children = (
				E45BDE73A554EF85F1886B7D /* Pods-WeatherForecast.debug.xcconfig */,
				5A49737A73E1A1FEFF701E75 /* Pods-WeatherForecast.release.xcconfig */,
			);
			name = Pods;
			sourceTree = "<group>";
		};
		DFADD0211EBF5BD400F5E3EE = {
			isa = PBXGroup;
			children = (
				DFADD02C1EBF5BD400F5E3EE /* WeatherForecast */,
				DFADD02B1EBF5BD400F5E3EE /* Products */,
				74E8438E3460691DA3E7A3D9 /* Pods */,
				02BA08EDA6B1099C07B6E3B5 /* Frameworks */,
			);
			sourceTree = "<group>";
		};
		DFADD02B1EBF5BD400F5E3EE /* Products */ = {
			isa = PBXGroup;
			children = (
				DFADD02A1EBF5BD400F5E3EE /* WeatherForecast.app */,
			);
			name = Products;
			sourceTree = "<group>";
		};
		DFADD02C1EBF5BD400F5E3EE /* WeatherForecast */ = {
			isa = PBXGroup;
			children = (
				DFADD02D1EBF5BD400F5E3EE /* AppDelegate.swift */,
				DFADD02F1EBF5BD400F5E3EE /* ViewController.swift */,
				DFADD0311EBF5BD400F5E3EE /* Main.storyboard */,
				DFADD0341EBF5BD400F5E3EE /* Assets.xcassets */,
				DFADD0361EBF5BD400F5E3EE /* LaunchScreen.storyboard */,
				DFADD0391EBF5BD400F5E3EE /* Info.plist */,
			);
			path = WeatherForecast;
			sourceTree = "<group>";
		};
/* End PBXGroup section */

/* Begin PBXNativeTarget section */
		DFADD0291EBF5BD400F5E3EE /* WeatherForecast */ = {
			isa = PBXNativeTarget;
			buildConfigurationList = DFADD03C1EBF5BD400F5E3EE /* Build configuration list for PBXNativeTarget "WeatherForecast" */;
			buildPhases = (
				91730BAA630B5C06305AAE77 /* [CP] Check Pods Manifest.lock */,
				DFADD0261EBF5BD400F5E3EE /* Sources */,
				DFADD0271EBF5BD400F5E3EE /* Frameworks */,
				DFADD0281EBF5BD400F5E3EE /* Resources */,
				D0AC9214CF6A29A5C033E6AD /* [CP] Embed Pods Frameworks */,
				AC1D6EF9DE28F84D82D4F0B2 /* [CP] Copy Pods Resources */,
			);
			buildRules = (
			);
			dependencies = (
			);
			name = WeatherForecast;
			productName = WeatherForecast;
			productReference = DFADD02A1EBF5BD400F5E3EE /* WeatherForecast.app */;
			productType = "com.apple.product-type.application";
		};
/* End PBXNativeTarget section */

/* Begin PBXProject section */
		DFADD0221EBF5BD400F5E3EE /* Project object */ = {
			isa = PBXProject;
			attributes = {
				LastSwiftUpdateCheck = 0820;
				LastUpgradeCheck = 0820;
				ORGANIZATIONNAME = "Quang Nghia";
				TargetAttributes = {
					DFADD0291EBF5BD400F5E3EE = {
						CreatedOnToolsVersion = 8.2.1;
						DevelopmentTeam = 9R6APF66GF;
						ProvisioningStyle = Automatic;
					};
				};
			};
			buildConfigurationList = DFADD0251EBF5BD400F5E3EE /* Build configuration list for PBXProject "WeatherForecast" */;
			compatibilityVersion = "Xcode 3.2";
			developmentRegion = English;
			hasScannedForEncodings = 0;
			knownRegions = (
				en,
				Base,
			);
			mainGroup = DFADD0211EBF5BD400F5E3EE;
			productRefGroup = DFADD02B1EBF5BD400F5E3EE /* Products */;
			projectDirPath = "";
			projectRoot = "";
			targets = (
				DFADD0291EBF5BD400F5E3EE /* WeatherForecast */,
			);
		};
/* End PBXProject section */

/* Begin PBXResourcesBuildPhase section */
		DFADD0281EBF5BD400F5E3EE /* Resources */ = {
			isa = PBXResourcesBuildPhase;
			buildActionMask = 2147483647;
			files = (
				DFADD0381EBF5BD400F5E3EE /* LaunchScreen.storyboard in Resources */,
				DFADD0351EBF5BD400F5E3EE /* Assets.xcassets in Resources */,
				DFADD0331EBF5BD400F5E3EE /* Main.storyboard in Resources */,
			);
			runOnlyForDeploymentPostprocessing = 0;
		};
/* End PBXResourcesBuildPhase section */

/* Begin PBXShellScriptBuildPhase section */
		91730BAA630B5C06305AAE77 /* [CP] Check Pods Manifest.lock */ = {
			isa = PBXShellScriptBuildPhase;
			buildActionMask = 2147483647;
			files = (
			);
			inputPaths = (
			);
			name = "[CP] Check Pods Manifest.lock";
			outputPaths = (
			);
			runOnlyForDeploymentPostprocessing = 0;
			shellPath = /bin/sh;
			shellScript = "diff \"${PODS_PODFILE_DIR_PATH}/Podfile.lock\" \"${PODS_ROOT}/Manifest.lock\" > /dev/null\nif [ $? != 0 ] ; then\n    # print error to STDERR\n    echo \"error: The sandbox is not in sync with the Podfile.lock. Run 'pod install' or update your CocoaPods installation.\" >&2\n    exit 1\nfi\n";
			showEnvVarsInLog = 0;
		};
		AC1D6EF9DE28F84D82D4F0B2 /* [CP] Copy Pods Resources */ = {
			isa = PBXShellScriptBuildPhase;
			buildActionMask = 2147483647;
			files = (
			);
			inputPaths = (
			);
			name = "[CP] Copy Pods Resources";
			outputPaths = (
			);
			runOnlyForDeploymentPostprocessing = 0;
			shellPath = /bin/sh;
			shellScript = "\"${SRCROOT}/Pods/Target Support Files/Pods-WeatherForecast/Pods-WeatherForecast-resources.sh\"\n";
			showEnvVarsInLog = 0;
		};
		D0AC9214CF6A29A5C033E6AD /* [CP] Embed Pods Frameworks */ = {
			isa = PBXShellScriptBuildPhase;
			buildActionMask = 2147483647;
			files = (
			);
			inputPaths = (
			);
			name = "[CP] Embed Pods Frameworks";
			outputPaths = (
			);
			runOnlyForDeploymentPostprocessing = 0;
			shellPath = /bin/sh;
			shellScript = "\"${SRCROOT}/Pods/Target Support Files/Pods-WeatherForecast/Pods-WeatherForecast-frameworks.sh\"\n";
			showEnvVarsInLog = 0;
		};
/* End PBXShellScriptBuildPhase section */

/* Begin PBXSourcesBuildPhase section */
		DFADD0261EBF5BD400F5E3EE /* Sources */ = {
			isa = PBXSourcesBuildPhase;
			buildActionMask = 2147483647;
			files = (
				DFADD0301EBF5BD400F5E3EE /* ViewController.swift in Sources */,
				DFADD02E1EBF5BD400F5E3EE /* AppDelegate.swift in Sources */,
			);
			runOnlyForDeploymentPostprocessing = 0;
		};
/* End PBXSourcesBuildPhase section */

/* Begin PBXVariantGroup section */
		DFADD0311EBF5BD400F5E3EE /* Main.storyboard */ = {
			isa = PBXVariantGroup;
			children = (
				DFADD0321EBF5BD400F5E3EE /* Base */,
			);
			name = Main.storyboard;
			sourceTree = "<group>";
		};
		DFADD0361EBF5BD400F5E3EE /* LaunchScreen.storyboard */ = {
			isa = PBXVariantGroup;
			children = (
				DFADD0371EBF5BD400F5E3EE /* Base */,
			);
			name = LaunchScreen.storyboard;
			sourceTree = "<group>";
		};
/* End PBXVariantGroup section */

/* Begin XCBuildConfiguration section */
		DFADD03A1EBF5BD400F5E3EE /* Debug */ = {
			isa = XCBuildConfiguration;
			buildSettings = {
				ALWAYS_SEARCH_USER_PATHS = NO;
				CLANG_ANALYZER_NONNULL = YES;
				CLANG_CXX_LANGUAGE_STANDARD = "gnu++0x";
				CLANG_CXX_LIBRARY = "libc++";
				CLANG_ENABLE_MODULES = YES;
				CLANG_ENABLE_OBJC_ARC = YES;
				CLANG_WARN_BOOL_CONVERSION = YES;
				CLANG_WARN_CONSTANT_CONVERSION = YES;
				CLANG_WARN_DIRECT_OBJC_ISA_USAGE = YES_ERROR;
				CLANG_WARN_DOCUMENTATION_COMMENTS = YES;
				CLANG_WARN_EMPTY_BODY = YES;
				CLANG_WARN_ENUM_CONVERSION = YES;
				CLANG_WARN_INFINITE_RECURSION = YES;
				CLANG_WARN_INT_CONVERSION = YES;
				CLANG_WARN_OBJC_ROOT_CLASS = YES_ERROR;
				CLANG_WARN_SUSPICIOUS_MOVE = YES;
				CLANG_WARN_UNREACHABLE_CODE = YES;
				CLANG_WARN__DUPLICATE_METHOD_MATCH = YES;
				"CODE_SIGN_IDENTITY[sdk=iphoneos*]" = "iPhone Developer";
				COPY_PHASE_STRIP = NO;
				DEBUG_INFORMATION_FORMAT = dwarf;
				ENABLE_STRICT_OBJC_MSGSEND = YES;
				ENABLE_TESTABILITY = YES;
				GCC_C_LANGUAGE_STANDARD = gnu99;
				GCC_DYNAMIC_NO_PIC = NO;
				GCC_NO_COMMON_BLOCKS = YES;
				GCC_OPTIMIZATION_LEVEL = 0;
				GCC_PREPROCESSOR_DEFINITIONS = (
					"DEBUG=1",
					"$(inherited)",
				);
				GCC_WARN_64_TO_32_BIT_CONVERSION = YES;
				GCC_WARN_ABOUT_RETURN_TYPE = YES_ERROR;
				GCC_WARN_UNDECLARED_SELECTOR = YES;
				GCC_WARN_UNINITIALIZED_AUTOS = YES_AGGRESSIVE;
				GCC_WARN_UNUSED_FUNCTION = YES;
				GCC_WARN_UNUSED_VARIABLE = YES;
				IPHONEOS_DEPLOYMENT_TARGET = 10.2;
				MTL_ENABLE_DEBUG_INFO = YES;
				ONLY_ACTIVE_ARCH = YES;
				SDKROOT = iphoneos;
				SWIFT_ACTIVE_COMPILATION_CONDITIONS = DEBUG;
				SWIFT_OPTIMIZATION_LEVEL = "-Onone";
			};
			name = Debug;
		};
		DFADD03B1EBF5BD400F5E3EE /* Release */ = {
			isa = XCBuildConfiguration;
			buildSettings = {
				ALWAYS_SEARCH_USER_PATHS = NO;
				CLANG_ANALYZER_NONNULL = YES;
				CLANG_CXX_LANGUAGE_STANDARD = "gnu++0x";
				CLANG_CXX_LIBRARY = "libc++";
				CLANG_ENABLE_MODULES = YES;
				CLANG_ENABLE_OBJC_ARC = YES;
				CLANG_WARN_BOOL_CONVERSION = YES;
				CLANG_WARN_CONSTANT_CONVERSION = YES;
				CLANG_WARN_DIRECT_OBJC_ISA_USAGE = YES_ERROR;
				CLANG_WARN_DOCUMENTATION_COMMENTS = YES;
				CLANG_WARN_EMPTY_BODY = YES;
				CLANG_WARN_ENUM_CONVERSION = YES;
				CLANG_WARN_INFINITE_RECURSION = YES;
				CLANG_WARN_INT_CONVERSION = YES;
				CLANG_WARN_OBJC_ROOT_CLASS = YES_ERROR;
				CLANG_WARN_SUSPICIOUS_MOVE = YES;
				CLANG_WARN_UNREACHABLE_CODE = YES;
				CLANG_WARN__DUPLICATE_METHOD_MATCH = YES;
				"CODE_SIGN_IDENTITY[sdk=iphoneos*]" = "iPhone Developer";
				COPY_PHASE_STRIP = NO;
				DEBUG_INFORMATION_FORMAT = "dwarf-with-dsym";
				ENABLE_NS_ASSERTIONS = NO;
				ENABLE_STRICT_OBJC_MSGSEND = YES;
				GCC_C_LANGUAGE_STANDARD = gnu99;
				GCC_NO_COMMON_BLOCKS = YES;
				GCC_WARN_64_TO_32_BIT_CONVERSION = YES;
				GCC_WARN_ABOUT_RETURN_TYPE = YES_ERROR;
				GCC_WARN_UNDECLARED_SELECTOR = YES;
				GCC_WARN_UNINITIALIZED_AUTOS = YES_AGGRESSIVE;
				GCC_WARN_UNUSED_FUNCTION = YES;
				GCC_WARN_UNUSED_VARIABLE = YES;
				IPHONEOS_DEPLOYMENT_TARGET = 10.2;
				MTL_ENABLE_DEBUG_INFO = NO;
				SDKROOT = iphoneos;
				SWIFT_OPTIMIZATION_LEVEL = "-Owholemodule";
				VALIDATE_PRODUCT = YES;
			};
			name = Release;
		};
		DFADD03D1EBF5BD400F5E3EE /* Debug */ = {
			isa = XCBuildConfiguration;
			baseConfigurationReference = E45BDE73A554EF85F1886B7D /* Pods-WeatherForecast.debug.xcconfig */;
			buildSettings = {
				ASSETCATALOG_COMPILER_APPICON_NAME = AppIcon;
				DEVELOPMENT_TEAM = 9R6APF66GF;
				INFOPLIST_FILE = WeatherForecast/Info.plist;
				LD_RUNPATH_SEARCH_PATHS = "$(inherited) @executable_path/Frameworks";
				PRODUCT_BUNDLE_IDENTIFIER = com.nghianq.it.WeatherForecast;
				PRODUCT_NAME = "$(TARGET_NAME)";
				SWIFT_VERSION = 3.0;
			};
			name = Debug;
		};
		DFADD03E1EBF5BD400F5E3EE /* Release */ = {
			isa = XCBuildConfiguration;
			baseConfigurationReference = 5A49737A73E1A1FEFF701E75 /* Pods-WeatherForecast.release.xcconfig */;
			buildSettings = {
				ASSETCATALOG_COMPILER_APPICON_NAME = AppIcon;
				DEVELOPMENT_TEAM = 9R6APF66GF;
				INFOPLIST_FILE = WeatherForecast/Info.plist;
				LD_RUNPATH_SEARCH_PATHS = "$(inherited) @executable_path/Frameworks";
				PRODUCT_BUNDLE_IDENTIFIER = com.nghianq.it.WeatherForecast;
				PRODUCT_NAME = "$(TARGET_NAME)";
				SWIFT_VERSION = 3.0;
			};
			name = Release;
		};
/* End XCBuildConfiguration section */

/* Begin XCConfigurationList section */
		DFADD0251EBF5BD400F5E3EE /* Build configuration list for PBXProject "WeatherForecast" */ = {
			isa = XCConfigurationList;
			buildConfigurations = (
				DFADD03A1EBF5BD400F5E3EE /* Debug */,
				DFADD03B1EBF5BD400F5E3EE /* Release */,
			);
			defaultConfigurationIsVisible = 0;
			defaultConfigurationName = Release;
		};
		DFADD03C1EBF5BD400F5E3EE /* Build configuration list for PBXNativeTarget "WeatherForecast" */ = {
			isa = XCConfigurationList;
			buildConfigurations = (
				DFADD03D1EBF5BD400F5E3EE /* Debug */,
				DFADD03E1EBF5BD400F5E3EE /* Release */,
			);
			defaultConfigurationIsVisible = 0;
		};
/* End XCConfigurationList section */
	};
	rootObject = DFADD0221EBF5BD400F5E3EE /* Project object */;
}
